
Microsoft Visual Studio Solution File, Format Version 12.00
# Visual Studio Version 16
VisualStudioVersion = 16.0.32413.511
MinimumVisualStudioVersion = 10.0.40219.1
Project("{FAE04EC0-301F-11D3-BF4B-00C04F79EFBC}") = "WarmHearts", "WarmHearts\WarmHearts.csproj", "{694AF59E-C463-45C4-BDF8-1529265604A0}"
EndProject
Global
	GlobalSection(SolutionConfigurationPlatforms) = preSolution
		Debug|Any CPU = Debug|Any CPU
		Release|Any CPU = Release|Any CPU
	EndGlobalSection
	GlobalSection(ProjectConfigurationPlatforms) = postSolution
		{694AF59E-C463-45C4-BDF8-1529265604A0}.Debug|Any CPU.ActiveCfg = Debug|Any CPU
		{694AF59E-C463-45C4-BDF8-1529265604A0}.Debug|Any CPU.Build.0 = Debug|Any CPU
		{694AF59E-C463-45C4-BDF8-1529265604A0}.Release|Any CPU.ActiveCfg = Release|Any CPU
		{694AF59E-C463-45C4-BDF8-1529265604A0}.Release|Any CPU.Build.0 = Release|Any CPU
	EndGlobalSection
	GlobalSection(SolutionProperties) = preSolution
		HideSolutionNode = FALSE
	EndGlobalSection
	GlobalSection(ExtensibilityGlobals) = postSolution
		SolutionGuid = {B362D492-AFE9-45F1-B7AA-76D6941C898C}
	EndGlobalSection
EndGlobal
